{
  "nodes": {
    "flake-compat": {
      "flake": false,
      "locked": {
        "lastModified": 1696426674,
        "narHash": "sha256-kvjfFW7WAETZlt09AgDn1MrtKzP7t90Vf7vypd3OL1U=",
        "owner": "edolstra",
        "repo": "flake-compat",
        "rev": "0f9255e01c2351cc7d116c072cb317785dd33b33",
        "type": "github"
      },
      "original": {
        "owner": "edolstra",
        "repo": "flake-compat",
        "type": "github"
      }
    },
    "flake-parts": {
      "inputs": {
        "nixpkgs-lib": [
          "neovim-nightly",
          "nixpkgs"
        ]
      },
      "locked": {
        "lastModified": 1709336216,
        "narHash": "sha256-Dt/wOWeW6Sqm11Yh+2+t0dfEWxoMxGBvv3JpIocFl9E=",
        "owner": "hercules-ci",
        "repo": "flake-parts",
        "rev": "f7b3c975cf067e56e7cda6cb098ebe3fb4d74ca2",
        "type": "github"
      },
      "original": {
        "owner": "hercules-ci",
        "repo": "flake-parts",
        "type": "github"
      }
    },
    "flake-parts_2": {
      "inputs": {
        "nixpkgs-lib": [
          "neovim-nightly",
          "hercules-ci-effects",
          "nixpkgs"
        ]
      },
      "locked": {
        "lastModified": 1701473968,
        "narHash": "sha256-YcVE5emp1qQ8ieHUnxt1wCZCC3ZfAS+SRRWZ2TMda7E=",
        "owner": "hercules-ci",
        "repo": "flake-parts",
        "rev": "34fed993f1674c8d06d58b37ce1e0fe5eebcb9f5",
        "type": "github"
      },
      "original": {
        "id": "flake-parts",
        "type": "indirect"
      }
    },
    "flake-utils": {
      "inputs": {
        "systems": "systems"
      },
      "locked": {
        "lastModified": 1710146030,
        "narHash": "sha256-SZ5L6eA7HJ/nmkzGG7/ISclqe6oZdOZTNoesiInkXPQ=",
        "owner": "numtide",
        "repo": "flake-utils",
        "rev": "b1d9ab70662946ef0850d488da1c9019f3a9752a",
        "type": "github"
      },
      "original": {
        "owner": "numtide",
        "repo": "flake-utils",
        "type": "github"
      }
    },
    "flake-utils_2": {
      "inputs": {
        "systems": "systems_2"
      },
      "locked": {
        "lastModified": 1701680307,
        "narHash": "sha256-kAuep2h5ajznlPMD9rnQyffWG8EM/C73lejGofXvdM8=",
        "owner": "numtide",
        "repo": "flake-utils",
        "rev": "4022d587cbbfd70fe950c1e2083a02621806a725",
        "type": "github"
      },
      "original": {
        "owner": "numtide",
        "repo": "flake-utils",
        "type": "github"
      }
    },
    "hercules-ci-effects": {
      "inputs": {
        "flake-parts": "flake-parts_2",
        "nixpkgs": [
          "neovim-nightly",
          "nixpkgs"
        ]
      },
      "locked": {
        "lastModified": 1708547820,
        "narHash": "sha256-xU/KC1PWqq5zL9dQ9wYhcdgxAwdeF/dJCLPH3PNZEBg=",
        "owner": "hercules-ci",
        "repo": "hercules-ci-effects",
        "rev": "0ca27bd58e4d5be3135a4bef66b582e57abe8f4a",
        "type": "github"
      },
      "original": {
        "owner": "hercules-ci",
        "repo": "hercules-ci-effects",
        "type": "github"
      }
    },
    "neovim-flake": {
      "inputs": {
        "flake-utils": "flake-utils_2",
        "nixpkgs": [
          "neovim-nightly",
          "nixpkgs"
        ]
      },
      "locked": {
        "dir": "contrib",
        "lastModified": 1710199222,
        "narHash": "sha256-iZ8v1gkzUVVI9t5BKHAxRHgMpUjJq/yJgB7VyCUMTag=",
        "owner": "neovim",
        "repo": "neovim",
        "rev": "b02a4d8ac39bafdbfd490bfbab35e3202e6f709c",
        "type": "github"
      },
      "original": {
        "dir": "contrib",
        "owner": "neovim",
        "repo": "neovim",
        "type": "github"
      }
    },
    "neovim-nightly": {
      "inputs": {
        "flake-compat": "flake-compat",
        "flake-parts": "flake-parts",
        "hercules-ci-effects": "hercules-ci-effects",
        "neovim-flake": "neovim-flake",
        "nixpkgs": [
          "nixpkgs"
        ]
      },
      "locked": {
        "lastModified": 1710201806,
        "narHash": "sha256-ySFpQv1cVsm1uGr/cbtfvWht6Kszfy/aP3TjiLQ8h0w=",
        "owner": "nix-community",
        "repo": "neovim-nightly-overlay",
        "rev": "a6185e08ac09b6528b7120cd2886610eaffd68de",
        "type": "github"
      },
      "original": {
        "owner": "nix-community",
        "repo": "neovim-nightly-overlay",
        "type": "github"
      }
    },
    "nixpkgs": {
      "locked": {
        "lastModified": 1709961763,
        "narHash": "sha256-6H95HGJHhEZtyYA3rIQpvamMKAGoa8Yh2rFV29QnuGw=",
        "owner": "nixos",
        "repo": "nixpkgs",
        "rev": "3030f185ba6a4bf4f18b87f345f104e6a6961f34",
        "type": "github"
      },
      "original": {
        "owner": "nixos",
        "ref": "nixos-unstable",
        "repo": "nixpkgs",
        "type": "github"
      }
    },
    "plugins/cmp-buffer": {
      "flake": false,
      "locked": {
        "lastModified": 1660101488,
        "narHash": "sha256-dG4U7MtnXThoa/PD+qFtCt76MQ14V1wX8GMYcvxEnbM=",
        "owner": "hrsh7th",
        "repo": "cmp-buffer",
        "rev": "3022dbc9166796b644a841a02de8dd1cc1d311fa",
        "type": "github"
      },
      "original": {
        "owner": "hrsh7th",
        "repo": "cmp-buffer",
        "type": "github"
      }
    },
    "plugins/cmp-cmdline": {
      "flake": false,
      "locked": {
        "lastModified": 1686243464,
        "narHash": "sha256-W8v/XhPjbvKSwCrfOAPihO2N9PEVnH5Cp/Fa25lNRw4=",
        "owner": "hrsh7th",
        "repo": "cmp-cmdline",
        "rev": "8ee981b4a91f536f52add291594e89fb6645e451",
        "type": "github"
      },
      "original": {
        "owner": "hrsh7th",
        "repo": "cmp-cmdline",
        "type": "github"
      }
    },
    "plugins/cmp-nvim-lsp": {
      "flake": false,
      "locked": {
        "lastModified": 1702205473,
        "narHash": "sha256-/0sh9vJBD9pUuD7q3tNSQ1YLvxFMNykdg5eG+LjZAA8=",
        "owner": "hrsh7th",
        "repo": "cmp-nvim-lsp",
        "rev": "5af77f54de1b16c34b23cba810150689a3a90312",
        "type": "github"
      },
      "original": {
        "owner": "hrsh7th",
        "repo": "cmp-nvim-lsp",
        "type": "github"
      }
    },
    "plugins/cmp-path": {
      "flake": false,
      "locked": {
        "lastModified": 1664784283,
        "narHash": "sha256-thppiiV3wjIaZnAXmsh7j3DUc6ceSCvGzviwFUnoPaI=",
        "owner": "hrsh7th",
        "repo": "cmp-path",
        "rev": "91ff86cd9c29299a64f968ebb45846c485725f23",
        "type": "github"
      },
      "original": {
        "owner": "hrsh7th",
        "repo": "cmp-path",
        "type": "github"
      }
    },
    "plugins/copilot.lua": {
      "flake": false,
      "locked": {
        "lastModified": 1709095198,
        "narHash": "sha256-JX3sdsnOnjkY7r9fCtC2oauo0PXF3SQ+SHUo8ifBvAc=",
        "owner": "zbirenbaum",
        "repo": "copilot.lua",
        "rev": "f7612f5af4a7d7615babf43ab1e67a2d790c13a6",
        "type": "github"
      },
      "original": {
        "owner": "zbirenbaum",
        "repo": "copilot.lua",
        "type": "github"
      }
    },
    "plugins/denops.vim": {
      "flake": false,
      "locked": {
        "lastModified": 1709212804,
        "narHash": "sha256-aWnXSUOV6M3XEOF2/SEpO19gPO65gi0QuaKE78x6dqs=",
        "owner": "vim-denops",
        "repo": "denops.vim",
        "rev": "b5dfcbc249a7559cbdc08ba1b7dc1cd92dec6d98",
        "type": "github"
      },
      "original": {
        "owner": "vim-denops",
        "repo": "denops.vim",
        "type": "github"
      }
    },
    "plugins/dpp-ext-lazy": {
      "flake": false,
      "locked": {
        "lastModified": 1709805934,
        "narHash": "sha256-wtpbdxF5SHhI4jrdnX4Ifh4jB3ahx69eQmJ0zW3T6g0=",
        "owner": "Shougo",
        "repo": "dpp-ext-lazy",
        "rev": "04b2b3a783b30932eee514e79f8007bcdd4d8fb8",
        "type": "github"
      },
      "original": {
        "owner": "Shougo",
        "repo": "dpp-ext-lazy",
        "type": "github"
      }
    },
    "plugins/dpp.vim": {
      "flake": false,
      "locked": {
        "lastModified": 1710201062,
        "narHash": "sha256-T3l/rY9/PS6gDpMdar/kY5lOK9OQW2oB0c0xARVm6dY=",
        "owner": "Shougo",
        "repo": "dpp.vim",
        "rev": "66936fcd7902fb0654babc6ccd388bd4bdd3e768",
        "type": "github"
      },
      "original": {
        "owner": "Shougo",
        "repo": "dpp.vim",
        "type": "github"
      }
    },
    "plugins/gitsigns.nvim": {
      "flake": false,
      "locked": {
        "lastModified": 1706372432,
        "narHash": "sha256-SLDaqzbvBTTuJEP9H2WOADuxsguMntR+upsGPW8aOEk=",
        "owner": "lewis6991",
        "repo": "gitsigns.nvim",
        "rev": "2c2463dbd82eddd7dbab881c3a62cfbfbe3c67ae",
        "type": "github"
      },
      "original": {
        "owner": "lewis6991",
        "repo": "gitsigns.nvim",
        "type": "github"
      }
    },
    "plugins/kanagawa.nvim": {
      "flake": false,
      "locked": {
        "lastModified": 1709127321,
        "narHash": "sha256-eSrng/h+hN8iSu2nLLfqSMvnOmBXE2Rwwil4KWSZWU4=",
        "owner": "rebelot",
        "repo": "kanagawa.nvim",
        "rev": "bfa818c7bf6259152f1d89cf9fbfba3554c93695",
        "type": "github"
      },
      "original": {
        "owner": "rebelot",
        "repo": "kanagawa.nvim",
        "type": "github"
      }
    },
    "plugins/lsp_signature.nvim": {
      "flake": false,
      "locked": {
        "lastModified": 1710061951,
        "narHash": "sha256-iGLjYeOT7b1XvztRLLrzm6fb54Hkcw1nsU892++D7gg=",
        "owner": "ray-x",
        "repo": "lsp_signature.nvim",
        "rev": "1b32f64549478efd8f9e0d00517db84cf41aa0ea",
        "type": "github"
      },
      "original": {
        "owner": "ray-x",
        "repo": "lsp_signature.nvim",
        "type": "github"
      }
    },
    "plugins/markdown-preview.nvim": {
      "flake": false,
      "locked": {
        "lastModified": 1697511247,
        "narHash": "sha256-TBXdG/Ih5DusAYZJyn37zVqHcMD85VkjrCoLyTo/KBg=",
        "owner": "iamcco",
        "repo": "markdown-preview.nvim",
        "rev": "a923f5fc5ba36a3b17e289dc35dc17f66d0548ee",
        "type": "github"
      },
      "original": {
        "owner": "iamcco",
        "repo": "markdown-preview.nvim",
        "type": "github"
      }
    },
    "plugins/nvim-cmp": {
      "flake": false,
      "locked": {
        "lastModified": 1706857187,
        "narHash": "sha256-FF7OHYUC4VFwFvqWKI/R5BSAC0JL6qFKUS6/XRSd9H8=",
        "owner": "hrsh7th",
        "repo": "nvim-cmp",
        "rev": "04e0ca376d6abdbfc8b52180f8ea236cbfddf782",
        "type": "github"
      },
      "original": {
        "owner": "hrsh7th",
        "repo": "nvim-cmp",
        "type": "github"
      }
    },
    "plugins/nvim-lspconfig": {
      "flake": false,
      "locked": {
        "lastModified": 1710135636,
        "narHash": "sha256-lr3MhdXfn3rLW5qEfpj8hc+jUtYLbPGNd9CkdBxtPA0=",
        "owner": "neovim",
        "repo": "nvim-lspconfig",
        "rev": "1917b562a02f20885900b1da0f0ea25028ccedab",
        "type": "github"
      },
      "original": {
        "owner": "neovim",
        "repo": "nvim-lspconfig",
        "type": "github"
      }
    },
    "plugins/nvim-treesitter": {
      "flake": false,
      "locked": {
        "lastModified": 1710194835,
        "narHash": "sha256-KliXVw5KDSQXwnXSTiVRve2ZvQDV8mlJu/ifi6wjM3k=",
        "owner": "nvim-treesitter",
        "repo": "nvim-treesitter",
        "rev": "9d39f00a9559cf3505d73b486c0b8055a6db4215",
        "type": "github"
      },
      "original": {
        "owner": "nvim-treesitter",
        "repo": "nvim-treesitter",
        "type": "github"
      }
    },
    "plugins/plenary.nvim": {
      "flake": false,
      "locked": {
        "lastModified": 1709720625,
        "narHash": "sha256-/ltkFqa5MTAI9z8oLv7+5SJ/Qq9l1kkuKGD955NbLi8=",
        "owner": "nvim-lua",
        "repo": "plenary.nvim",
        "rev": "f7adfc4b3f4f91aab6caebf42b3682945fbc35be",
        "type": "github"
      },
      "original": {
        "owner": "nvim-lua",
        "repo": "plenary.nvim",
        "type": "github"
      }
    },
    "plugins/telescope.nvim": {
      "flake": false,
      "locked": {
        "lastModified": 1709849420,
        "narHash": "sha256-i+pGEMw8MQnFse5WGZdX9MMjEoR4H4rzHswCaT/zoso=",
        "owner": "nvim-telescope",
        "repo": "telescope.nvim",
        "rev": "7472420f8734c710bd7009081cef9b97f08a3821",
        "type": "github"
      },
      "original": {
        "owner": "nvim-telescope",
        "repo": "telescope.nvim",
        "type": "github"
      }
    },
    "plugins/vim-floaterm": {
      "flake": false,
      "locked": {
        "lastModified": 1709190078,
        "narHash": "sha256-Sn5SKqrwkuf1fBSOKCFfUCaCXWxl+PanBRhJHBhDupk=",
        "owner": "voldikss",
        "repo": "vim-floaterm",
        "rev": "c0535d758004bcce016839e318cbbe802b92c469",
        "type": "github"
      },
      "original": {
        "owner": "voldikss",
        "repo": "vim-floaterm",
        "type": "github"
      }
    },
    "plugins/vim-sandwich": {
      "flake": false,
      "locked": {
        "lastModified": 1707057591,
        "narHash": "sha256-6bT90lQSCmwaiaZFFgl/PjEreJOgN0Vs1HQxnZatTZw=",
        "owner": "machakann",
        "repo": "vim-sandwich",
        "rev": "2ce54d26564e66a675685c8a3331388b2747a26b",
        "type": "github"
      },
      "original": {
        "owner": "machakann",
        "repo": "vim-sandwich",
        "type": "github"
      }
    },
    "root": {
      "inputs": {
        "flake-utils": "flake-utils",
        "neovim-nightly": "neovim-nightly",
        "nixpkgs": "nixpkgs",
        "plugins/cmp-buffer": "plugins/cmp-buffer",
        "plugins/cmp-cmdline": "plugins/cmp-cmdline",
        "plugins/cmp-nvim-lsp": "plugins/cmp-nvim-lsp",
        "plugins/cmp-path": "plugins/cmp-path",
        "plugins/copilot.lua": "plugins/copilot.lua",
        "plugins/denops.vim": "plugins/denops.vim",
        "plugins/dpp-ext-lazy": "plugins/dpp-ext-lazy",
        "plugins/dpp.vim": "plugins/dpp.vim",
        "plugins/gitsigns.nvim": "plugins/gitsigns.nvim",
        "plugins/kanagawa.nvim": "plugins/kanagawa.nvim",
        "plugins/lsp_signature.nvim": "plugins/lsp_signature.nvim",
        "plugins/markdown-preview.nvim": "plugins/markdown-preview.nvim",
        "plugins/nvim-cmp": "plugins/nvim-cmp",
        "plugins/nvim-lspconfig": "plugins/nvim-lspconfig",
        "plugins/nvim-treesitter": "plugins/nvim-treesitter",
        "plugins/plenary.nvim": "plugins/plenary.nvim",
        "plugins/telescope.nvim": "plugins/telescope.nvim",
        "plugins/vim-floaterm": "plugins/vim-floaterm",
        "plugins/vim-sandwich": "plugins/vim-sandwich"
      }
    },
    "systems": {
      "locked": {
        "lastModified": 1681028828,
        "narHash": "sha256-Vy1rq5AaRuLzOxct8nz4T6wlgyUR7zLU309k9mBC768=",
        "owner": "nix-systems",
        "repo": "default",
        "rev": "da67096a3b9bf56a91d16901293e51ba5b49a27e",
        "type": "github"
      },
      "original": {
        "owner": "nix-systems",
        "repo": "default",
        "type": "github"
      }
    },
    "systems_2": {
      "locked": {
        "lastModified": 1681028828,
        "narHash": "sha256-Vy1rq5AaRuLzOxct8nz4T6wlgyUR7zLU309k9mBC768=",
        "owner": "nix-systems",
        "repo": "default",
        "rev": "da67096a3b9bf56a91d16901293e51ba5b49a27e",
        "type": "github"
      },
      "original": {
        "owner": "nix-systems",
        "repo": "default",
        "type": "github"
      }
    }
  },
  "root": "root",
  "version": 7
}
