{
  "nodes": {
    "copilot.vim": {
      "flake": false,
      "locked": {
        "lastModified": 1700704900,
        "narHash": "sha256-HDsyVHADmKSweHWg/Ny7eFoCrIV0wN2ilmiHWF+XkkU=",
        "owner": "github",
        "repo": "copilot.vim",
        "rev": "2c31989063b145830d5f0bea8ab529d2aef2427b",
        "type": "github"
      },
      "original": {
        "owner": "github",
        "repo": "copilot.vim",
        "type": "github"
      }
    },
    "ddc-cmdline": {
      "flake": false,
      "locked": {
        "lastModified": 1696412567,
        "narHash": "sha256-85vBmnJiexY2qWVSMFkr5Nhj67Xexi19CA3zW3WoBGM=",
        "owner": "Shougo",
        "repo": "ddc-cmdline",
        "rev": "95f73c7c97d15378e0ef8dd0a63b6af19c71bdaf",
        "type": "github"
      },
      "original": {
        "owner": "Shougo",
        "repo": "ddc-cmdline",
        "type": "github"
      }
    },
    "ddc-cmdline-history": {
      "flake": false,
      "locked": {
        "lastModified": 1691126093,
        "narHash": "sha256-tHzkZtcqK8IFGx4W7nYGxWO005kn3xZGre7DCV55BzU=",
        "owner": "Shougo",
        "repo": "ddc-cmdline-history",
        "rev": "8c5533bc5f5340a3c027672f75ba156c5ed2476e",
        "type": "github"
      },
      "original": {
        "owner": "Shougo",
        "repo": "ddc-cmdline-history",
        "type": "github"
      }
    },
    "ddc-file": {
      "flake": false,
      "locked": {
        "lastModified": 1699600569,
        "narHash": "sha256-8OM2MWhh0IzKx05qDHni+Kuvmgd4eOqIB1tN9WbF2ks=",
        "owner": "LumaKernel",
        "repo": "ddc-file",
        "rev": "72335138349133361e38fe7a0d320a3ff1788839",
        "type": "github"
      },
      "original": {
        "owner": "LumaKernel",
        "repo": "ddc-file",
        "type": "github"
      }
    },
    "ddc-fuzzy": {
      "flake": false,
      "locked": {
        "lastModified": 1688560961,
        "narHash": "sha256-teHYu9S/9dOJVxJMTUiDhvPwJt3WVESIvmoJHnt0f0o=",
        "owner": "tani",
        "repo": "ddc-fuzzy",
        "rev": "ee205bba8011a941380412a34e47ca67bb5fa41f",
        "type": "github"
      },
      "original": {
        "owner": "tani",
        "repo": "ddc-fuzzy",
        "type": "github"
      }
    },
    "ddc-nvim-lsp": {
      "flake": false,
      "locked": {
        "lastModified": 1699713119,
        "narHash": "sha256-aUA6d1vJEW6dpZcfgr7EAihGp3HDM7eT3JHaiZJbf1g=",
        "owner": "Shougo",
        "repo": "ddc-nvim-lsp",
        "rev": "fd07983cdab2e871d0f3956b4bc8977c433cebbb",
        "type": "github"
      },
      "original": {
        "owner": "Shougo",
        "repo": "ddc-nvim-lsp",
        "type": "github"
      }
    },
    "ddc-ui-pum": {
      "flake": false,
      "locked": {
        "lastModified": 1696653740,
        "narHash": "sha256-J/do0P45FV+Nus6FpgH2xYtby6ZGtdnpLwqKY6I4xfs=",
        "owner": "Shougo",
        "repo": "ddc-ui-pum",
        "rev": "6fd98ba227889883bbf75405506c451feaae6ef8",
        "type": "github"
      },
      "original": {
        "owner": "Shougo",
        "repo": "ddc-ui-pum",
        "type": "github"
      }
    },
    "ddc.vim": {
      "flake": false,
      "locked": {
        "lastModified": 1701855965,
        "narHash": "sha256-6bUWoczMVaqy69LuF2hgQHUp8sHYi7iOVKF3hpj547w=",
        "owner": "Shougo",
        "repo": "ddc.vim",
        "rev": "d24ae8cf1b46852a3251c10e8ee1d559609d2b2f",
        "type": "github"
      },
      "original": {
        "owner": "Shougo",
        "repo": "ddc.vim",
        "type": "github"
      }
    },
    "ddu-commands.vim": {
      "flake": false,
      "locked": {
        "lastModified": 1692612192,
        "narHash": "sha256-xj+wmS3qaxRmwcpnR1M88b/i7yv0IJH5gCsdJe9ip1I=",
        "owner": "Shougo",
        "repo": "ddu-commands.vim",
        "rev": "a9e302f30e189bce2e1ef435d80a71e4a82ad036",
        "type": "github"
      },
      "original": {
        "owner": "Shougo",
        "repo": "ddu-commands.vim",
        "type": "github"
      }
    },
    "ddu-filter-zf": {
      "flake": false,
      "locked": {
        "lastModified": 1699921766,
        "narHash": "sha256-I1VTy6SuKkaWGgpaofbLTNNSYGNOZUPCUx1vuLin/8Q=",
        "owner": "hasundue",
        "repo": "ddu-filter-zf",
        "rev": "8eccc02d567faae26dae23d26de300bd67b4e5b6",
        "type": "github"
      },
      "original": {
        "owner": "hasundue",
        "repo": "ddu-filter-zf",
        "type": "github"
      }
    },
    "ddu-kind-file": {
      "flake": false,
      "locked": {
        "lastModified": 1697513922,
        "narHash": "sha256-tgQhOCaRMi2pPpSwdZLy3iiPdKm2FMNAwl8S78v5cS0=",
        "owner": "Shougo",
        "repo": "ddu-kind-file",
        "rev": "a21629260cf80e5f4fbe8424bf656f61686eeac1",
        "type": "github"
      },
      "original": {
        "owner": "Shougo",
        "repo": "ddu-kind-file",
        "type": "github"
      }
    },
    "ddu-source-buffer": {
      "flake": false,
      "locked": {
        "lastModified": 1683801554,
        "narHash": "sha256-Rk8Rj1ZQgL83mcjiqq8WfSAwkVdrFLUBDvQYwPV1WPk=",
        "owner": "shun",
        "repo": "ddu-source-buffer",
        "rev": "fa9d6e8f678038abac2a8c6076057478a616048a",
        "type": "github"
      },
      "original": {
        "owner": "shun",
        "repo": "ddu-source-buffer",
        "type": "github"
      }
    },
    "ddu-source-file_external": {
      "flake": false,
      "locked": {
        "lastModified": 1687759397,
        "narHash": "sha256-YznDoiBLE+w6lP7M3jQg+EX0bGT4wwdVTPvolzhn240=",
        "owner": "matsui54",
        "repo": "ddu-source-file_external",
        "rev": "54fb945d0b4d25f8d36582a07893de6ffa0112d5",
        "type": "github"
      },
      "original": {
        "owner": "matsui54",
        "repo": "ddu-source-file_external",
        "type": "github"
      }
    },
    "ddu-source-help": {
      "flake": false,
      "locked": {
        "lastModified": 1700294180,
        "narHash": "sha256-aUMZ30dib5irpK6sY5MX+3vnXGSSbU2iHFLvPlktkEo=",
        "owner": "matsui54",
        "repo": "ddu-source-help",
        "rev": "b25d3b89b5e70c7d6b1bbc29d8db66fcbe2b00e4",
        "type": "github"
      },
      "original": {
        "owner": "matsui54",
        "repo": "ddu-source-help",
        "type": "github"
      }
    },
    "ddu-source-lsp": {
      "flake": false,
      "locked": {
        "lastModified": 1697990944,
        "narHash": "sha256-62D00XiMiV1aC5KAdoQ247cC+8ouJpzYiuSlkWjp5ns=",
        "owner": "uga-rosa",
        "repo": "ddu-source-lsp",
        "rev": "6791c0ad7226b92da4f4e17977a0bf53b1ae3241",
        "type": "github"
      },
      "original": {
        "owner": "uga-rosa",
        "repo": "ddu-source-lsp",
        "type": "github"
      }
    },
    "ddu-source-mr": {
      "flake": false,
      "locked": {
        "lastModified": 1693634640,
        "narHash": "sha256-QxoXIhLnojm/WDJYrarQjncw6vUJb6pmLv9BO6XR/Ig=",
        "owner": "kuuote",
        "repo": "ddu-source-mr",
        "rev": "751cd0967466f2c1b3488be6905beebd42793034",
        "type": "github"
      },
      "original": {
        "owner": "kuuote",
        "repo": "ddu-source-mr",
        "type": "github"
      }
    },
    "ddu-source-rg": {
      "flake": false,
      "locked": {
        "lastModified": 1696377705,
        "narHash": "sha256-UOlaSj4yYvTszUBf/5AdJSeBa+jOyJqbnmfGqtaTjpA=",
        "owner": "shun",
        "repo": "ddu-source-rg",
        "rev": "a5ab71cf97b394a95eb905aa1cbbec4674ca46f1",
        "type": "github"
      },
      "original": {
        "owner": "shun",
        "repo": "ddu-source-rg",
        "type": "github"
      }
    },
    "ddu-ui-ff": {
      "flake": false,
      "locked": {
        "lastModified": 1700042760,
        "narHash": "sha256-CK0LOw6n+pZ/BkdU6Zs9G6J/4pyiq76uqaWM/HrImZA=",
        "owner": "Shougo",
        "repo": "ddu-ui-ff",
        "rev": "3ba6d1eee6a7ad2eb3d65b42e43361548c926cb5",
        "type": "github"
      },
      "original": {
        "owner": "Shougo",
        "repo": "ddu-ui-ff",
        "type": "github"
      }
    },
    "ddu.vim": {
      "flake": false,
      "locked": {
        "lastModified": 1701834792,
        "narHash": "sha256-n+vhI2W7fN921NeUNWNBvHH7Qre4M4bJ0kGRQockVwo=",
        "owner": "Shougo",
        "repo": "ddu.vim",
        "rev": "93544ae47258b155927ce86962c0ea5868e9aab4",
        "type": "github"
      },
      "original": {
        "owner": "Shougo",
        "repo": "ddu.vim",
        "type": "github"
      }
    },
    "denops.vim": {
      "flake": false,
      "locked": {
        "lastModified": 1700987508,
        "narHash": "sha256-y6MtryEgh5iJj+e5nwxZlJYLhiUS61hdfTcb7A3vTuM=",
        "owner": "vim-denops",
        "repo": "denops.vim",
        "rev": "6c7ebef6f71b948a152c09bd844fba00f8fee3d6",
        "type": "github"
      },
      "original": {
        "owner": "vim-denops",
        "repo": "denops.vim",
        "type": "github"
      }
    },
    "dpp-ext-lazy": {
      "flake": false,
      "locked": {
        "lastModified": 1699954823,
        "narHash": "sha256-Cksges/dNcLBaaQAVI6aFf1fEkHFHQ4mYgW5p1mLW+w=",
        "owner": "Shougo",
        "repo": "dpp-ext-lazy",
        "rev": "df2376fe288c4e501a7c8bfbd58cf1ae44ec16e6",
        "type": "github"
      },
      "original": {
        "owner": "Shougo",
        "repo": "dpp-ext-lazy",
        "type": "github"
      }
    },
    "dpp.vim": {
      "flake": false,
      "locked": {
        "lastModified": 1701833657,
        "narHash": "sha256-6msBhCtOMvBpKl2g509gEvc6q6xYtrlFqzrMxzHU5Es=",
        "owner": "Shougo",
        "repo": "dpp.vim",
        "rev": "165bc5f2e98a8baef437d8213434e756e35add72",
        "type": "github"
      },
      "original": {
        "owner": "Shougo",
        "repo": "dpp.vim",
        "type": "github"
      }
    },
    "gitsigns.nvim": {
      "flake": false,
      "locked": {
        "lastModified": 1701259661,
        "narHash": "sha256-cVs6thVq70ggQTvK/wEi377OgXqoaX3ulnyr+z6s0iA=",
        "owner": "lewis6991",
        "repo": "gitsigns.nvim",
        "rev": "6ef8c54fb526bf3a0bc4efb0b2fe8e6d9a7daed2",
        "type": "github"
      },
      "original": {
        "owner": "lewis6991",
        "repo": "gitsigns.nvim",
        "type": "github"
      }
    },
    "kanagawa.nvim": {
      "flake": false,
      "locked": {
        "lastModified": 1696244569,
        "narHash": "sha256-pbLcomZHzC2JGKF4oII6AAm5q/dzQtNfFAZVNX74nB8=",
        "owner": "rebelot",
        "repo": "kanagawa.nvim",
        "rev": "c19b9023842697ec92caf72cd3599f7dd7be4456",
        "type": "github"
      },
      "original": {
        "owner": "rebelot",
        "repo": "kanagawa.nvim",
        "type": "github"
      }
    },
    "lsp_signature.nvim": {
      "flake": false,
      "locked": {
        "lastModified": 1701211782,
        "narHash": "sha256-4GcTfu7MRpZUi5dqewaddSvaOezRl9ROKrR7wnnLnKE=",
        "owner": "ray-x",
        "repo": "lsp_signature.nvim",
        "rev": "fed2c8389c148ff1dfdcdca63c2b48d08a50dea0",
        "type": "github"
      },
      "original": {
        "owner": "ray-x",
        "repo": "lsp_signature.nvim",
        "type": "github"
      }
    },
    "markdown-preview.nvim": {
      "flake": false,
      "locked": {
        "lastModified": 1697511247,
        "narHash": "sha256-TBXdG/Ih5DusAYZJyn37zVqHcMD85VkjrCoLyTo/KBg=",
        "owner": "iamcco",
        "repo": "markdown-preview.nvim",
        "rev": "a923f5fc5ba36a3b17e289dc35dc17f66d0548ee",
        "type": "github"
      },
      "original": {
        "owner": "iamcco",
        "repo": "markdown-preview.nvim",
        "type": "github"
      }
    },
    "mr.vim": {
      "flake": false,
      "locked": {
        "lastModified": 1675866639,
        "narHash": "sha256-dpZeAcevvuBeJiW+YkPtuRGmg+/m9Ouj6qi1ETCvS0g=",
        "owner": "lambdalisue",
        "repo": "mr.vim",
        "rev": "11d819541ff7b813f41d2caa32b6fd93e5eb7b8b",
        "type": "github"
      },
      "original": {
        "owner": "lambdalisue",
        "repo": "mr.vim",
        "type": "github"
      }
    },
    "nvim-lspconfig": {
      "flake": false,
      "locked": {
        "lastModified": 1701857305,
        "narHash": "sha256-nKoRfCuBdyn9CxWgCBZGCmRAKkd5RHr1Ig2ArIhfBjM=",
        "owner": "neovim",
        "repo": "nvim-lspconfig",
        "rev": "6c797ff9324094e333e2ace9526ca4a62ad9d1ca",
        "type": "github"
      },
      "original": {
        "owner": "neovim",
        "repo": "nvim-lspconfig",
        "type": "github"
      }
    },
    "nvim-treesitter": {
      "flake": false,
      "locked": {
        "lastModified": 1700383533,
        "narHash": "sha256-5SuLn/AcIAlgzFsuYNdz0gulYGRgaTEu1B1GlCXCJVU=",
        "owner": "nvim-treesitter",
        "repo": "nvim-treesitter",
        "rev": "b0162110574e4d21ead81fdc19746bd21f585759",
        "type": "github"
      },
      "original": {
        "owner": "nvim-treesitter",
        "repo": "nvim-treesitter",
        "type": "github"
      }
    },
    "pum.vim": {
      "flake": false,
      "locked": {
        "lastModified": 1701856016,
        "narHash": "sha256-sMCKIBRQTqTwdpElpZVTCgAGCPtVd8cPJE1Bhk0/jTY=",
        "owner": "Shougo",
        "repo": "pum.vim",
        "rev": "d9bbd103e840ad40a16b8a5c76650e1255b0fe3e",
        "type": "github"
      },
      "original": {
        "owner": "Shougo",
        "repo": "pum.vim",
        "type": "github"
      }
    },
    "root": {
      "inputs": {
        "copilot.vim": "copilot.vim",
        "ddc-cmdline": "ddc-cmdline",
        "ddc-cmdline-history": "ddc-cmdline-history",
        "ddc-file": "ddc-file",
        "ddc-fuzzy": "ddc-fuzzy",
        "ddc-nvim-lsp": "ddc-nvim-lsp",
        "ddc-ui-pum": "ddc-ui-pum",
        "ddc.vim": "ddc.vim",
        "ddu-commands.vim": "ddu-commands.vim",
        "ddu-filter-zf": "ddu-filter-zf",
        "ddu-kind-file": "ddu-kind-file",
        "ddu-source-buffer": "ddu-source-buffer",
        "ddu-source-file_external": "ddu-source-file_external",
        "ddu-source-help": "ddu-source-help",
        "ddu-source-lsp": "ddu-source-lsp",
        "ddu-source-mr": "ddu-source-mr",
        "ddu-source-rg": "ddu-source-rg",
        "ddu-ui-ff": "ddu-ui-ff",
        "ddu.vim": "ddu.vim",
        "denops.vim": "denops.vim",
        "dpp-ext-lazy": "dpp-ext-lazy",
        "dpp.vim": "dpp.vim",
        "gitsigns.nvim": "gitsigns.nvim",
        "kanagawa.nvim": "kanagawa.nvim",
        "lsp_signature.nvim": "lsp_signature.nvim",
        "markdown-preview.nvim": "markdown-preview.nvim",
        "mr.vim": "mr.vim",
        "nvim-lspconfig": "nvim-lspconfig",
        "nvim-treesitter": "nvim-treesitter",
        "pum.vim": "pum.vim",
        "vim-floaterm": "vim-floaterm",
        "vim-sandwich": "vim-sandwich"
      }
    },
    "vim-floaterm": {
      "flake": false,
      "locked": {
        "lastModified": 1700403249,
        "narHash": "sha256-rJXxXu6QpMd6Q3YiTvHlKXVt+8ZPEZ2WMSQPlR4WX5k=",
        "owner": "voldikss",
        "repo": "vim-floaterm",
        "rev": "3f01a623376957437f9376327637491b74719e38",
        "type": "github"
      },
      "original": {
        "owner": "voldikss",
        "repo": "vim-floaterm",
        "type": "github"
      }
    },
    "vim-sandwich": {
      "flake": false,
      "locked": {
        "lastModified": 1670425625,
        "narHash": "sha256-pV46YbLr4nr4kRGEKQbPBPDtN/NsKqwatw2lgU+NOaw=",
        "owner": "machakann",
        "repo": "vim-sandwich",
        "rev": "c5a2cc438ce6ea2005c556dc833732aa53cae21a",
        "type": "github"
      },
      "original": {
        "owner": "machakann",
        "repo": "vim-sandwich",
        "type": "github"
      }
    }
  },
  "root": "root",
  "version": 7
}
